{
  "name": "skeleton-preloader",
  "version": "1.0.0",
  "lockfileVersion": 1,
  "requires": true,
  "dependencies": {
    "base64mime": {
      "version": "0.0.3",
      "resolved": "https://registry.npmjs.org/base64mime/-/base64mime-0.0.3.tgz",
      "integrity": "sha1-BuPtEEzF0bPf/mZ6kEMLaHjsys0="
    },
    "coffee-script": {
      "version": "1.3.3",
      "resolved": "https://registry.npmjs.org/coffee-script/-/coffee-script-1.3.3.tgz",
      "integrity": "sha1-FQ1rTLUiiUNp7+1qIQHCC8f0pPQ="
    },
    "colors": {
      "version": "0.6.2",
      "resolved": "https://registry.npmjs.org/colors/-/colors-0.6.2.tgz",
      "integrity": "sha1-JCP+ZnisDF2uiFLl0OW+CMmXq8w="
    },
    "js-oop": {
      "version": "1.0.0",
      "resolved": "https://registry.npmjs.org/js-oop/-/js-oop-1.0.0.tgz",
      "integrity": "sha1-dU+lwuRJC9sfnTAIRJQ3GrcPF6Y="
    },
    "mkdirp": {
      "version": "0.3.5",
      "resolved": "https://registry.npmjs.org/mkdirp/-/mkdirp-0.3.5.tgz",
      "integrity": "sha1-3j5fiWHIjHh+4TaN+EmsRBPsqNc="
    },
    "preloader": {
      "version": "4.0.2",
      "resolved": "https://registry.npmjs.org/preloader/-/preloader-4.0.2.tgz",
      "integrity": "sha512-TB8AoKV/NzsAFa4iQ0iJOFml+bNfftUBM59KuoKTJbxHWqTIwm/caL54DunmsFmhU7ovwB03t45lLXPtkrnU0A==",
      "requires": {
        "base64mime": "0.0.3",
        "js-oop": "1.0.0"
      }
    },
    "skeleton": {
      "version": "0.1.2",
      "resolved": "https://registry.npmjs.org/skeleton/-/skeleton-0.1.2.tgz",
      "integrity": "sha1-GE7Yjg4uAYANMAA3aPYl20AIV6U=",
      "requires": {
        "coffee-script": "1.3.3",
        "colors": "0.6.2",
        "mkdirp": "0.3.5"
      }
    }
  }
}
